
Microsoft Visual Studio Solution File, Format Version 12.00
# Visual Studio Version 16
VisualStudioVersion = 16.0.32901.82
MinimumVisualStudioVersion = 10.0.40219.1
Project("{FAE04EC0-301F-11D3-BF4B-00C04F79EFBC}") = "ItPartnerPractice", "ItPartnerPractice\ItPartnerPractice.csproj", "{B5746C76-4378-461B-9101-B3D864955380}"
EndProject
Global
	GlobalSection(SolutionConfigurationPlatforms) = preSolution
		Debug|Any CPU = Debug|Any CPU
		Release|Any CPU = Release|Any CPU
	EndGlobalSection
	GlobalSection(ProjectConfigurationPlatforms) = postSolution
		{B5746C76-4378-461B-9101-B3D864955380}.Debug|Any CPU.ActiveCfg = Debug|Any CPU
		{B5746C76-4378-461B-9101-B3D864955380}.Debug|Any CPU.Build.0 = Debug|Any CPU
		{B5746C76-4378-461B-9101-B3D864955380}.Release|Any CPU.ActiveCfg = Release|Any CPU
		{B5746C76-4378-461B-9101-B3D864955380}.Release|Any CPU.Build.0 = Release|Any CPU
	EndGlobalSection
	GlobalSection(SolutionProperties) = preSolution
		HideSolutionNode = FALSE
	EndGlobalSection
	GlobalSection(ExtensibilityGlobals) = postSolution
		SolutionGuid = {32EA06A2-2F6C-4E15-A670-7B1754B31474}
	EndGlobalSection
EndGlobal
